
Microsoft Visual Studio Solution File, Format Version 12.00
# Visual Studio Version 16
VisualStudioVersion = 16.0.31019.35
MinimumVisualStudioVersion = 10.0.40219.1
Project("{9A19103F-16F7-4668-BE54-9A1E7A4F7556}") = "Shop.Common", "Shop.Common\Shop.Common.csproj", "{1A5DEABD-99DD-491D-8CF8-81BC6FEB2FD6}"
EndProject
Project("{2150E333-8FDC-42A3-9474-1A3956D46DE8}") = "Backend", "Backend", "{4177C1AE-D135-4A0B-8CA0-8D6595A1F8C2}"
EndProject
Project("{2150E333-8FDC-42A3-9474-1A3956D46DE8}") = "Frontend", "Frontend", "{7EC96649-E38E-42F2-BCB9-3A2899C99176}"
EndProject
Project("{9A19103F-16F7-4668-BE54-9A1E7A4F7556}") = "Shop.Web", "Shop.Web\Shop.Web.csproj", "{48DFD887-3CAB-40EC-9FD4-6728A0854DFC}"
EndProject
Project("{2150E333-8FDC-42A3-9474-1A3956D46DE8}") = "Forms", "Forms", "{9665537A-F6EC-455E-8B17-D2E5EA1BA291}"
EndProject
Project("{2150E333-8FDC-42A3-9474-1A3956D46DE8}") = "Classic", "Classic", "{165FACCC-583B-4492-81A8-BADD1FBAD2C1}"
EndProject
Global
	GlobalSection(SolutionConfigurationPlatforms) = preSolution
		Debug|Any CPU = Debug|Any CPU
		Debug|iPhone = Debug|iPhone
		Debug|iPhoneSimulator = Debug|iPhoneSimulator
		Release|Any CPU = Release|Any CPU
		Release|iPhone = Release|iPhone
		Release|iPhoneSimulator = Release|iPhoneSimulator
	EndGlobalSection
	GlobalSection(ProjectConfigurationPlatforms) = postSolution
		{1A5DEABD-99DD-491D-8CF8-81BC6FEB2FD6}.Debug|Any CPU.ActiveCfg = Debug|Any CPU
		{1A5DEABD-99DD-491D-8CF8-81BC6FEB2FD6}.Debug|Any CPU.Build.0 = Debug|Any CPU
		{1A5DEABD-99DD-491D-8CF8-81BC6FEB2FD6}.Debug|iPhone.ActiveCfg = Debug|Any CPU
		{1A5DEABD-99DD-491D-8CF8-81BC6FEB2FD6}.Debug|iPhone.Build.0 = Debug|Any CPU
		{1A5DEABD-99DD-491D-8CF8-81BC6FEB2FD6}.Debug|iPhoneSimulator.ActiveCfg = Debug|Any CPU
		{1A5DEABD-99DD-491D-8CF8-81BC6FEB2FD6}.Debug|iPhoneSimulator.Build.0 = Debug|Any CPU
		{1A5DEABD-99DD-491D-8CF8-81BC6FEB2FD6}.Release|Any CPU.ActiveCfg = Release|Any CPU
		{1A5DEABD-99DD-491D-8CF8-81BC6FEB2FD6}.Release|Any CPU.Build.0 = Release|Any CPU
		{1A5DEABD-99DD-491D-8CF8-81BC6FEB2FD6}.Release|iPhone.ActiveCfg = Release|Any CPU
		{1A5DEABD-99DD-491D-8CF8-81BC6FEB2FD6}.Release|iPhone.Build.0 = Release|Any CPU
		{1A5DEABD-99DD-491D-8CF8-81BC6FEB2FD6}.Release|iPhoneSimulator.ActiveCfg = Release|Any CPU
		{1A5DEABD-99DD-491D-8CF8-81BC6FEB2FD6}.Release|iPhoneSimulator.Build.0 = Release|Any CPU
		{48DFD887-3CAB-40EC-9FD4-6728A0854DFC}.Debug|Any CPU.ActiveCfg = Debug|Any CPU
		{48DFD887-3CAB-40EC-9FD4-6728A0854DFC}.Debug|Any CPU.Build.0 = Debug|Any CPU
		{48DFD887-3CAB-40EC-9FD4-6728A0854DFC}.Debug|iPhone.ActiveCfg = Debug|Any CPU
		{48DFD887-3CAB-40EC-9FD4-6728A0854DFC}.Debug|iPhone.Build.0 = Debug|Any CPU
		{48DFD887-3CAB-40EC-9FD4-6728A0854DFC}.Debug|iPhoneSimulator.ActiveCfg = Debug|Any CPU
		{48DFD887-3CAB-40EC-9FD4-6728A0854DFC}.Debug|iPhoneSimulator.Build.0 = Debug|Any CPU
		{48DFD887-3CAB-40EC-9FD4-6728A0854DFC}.Release|Any CPU.ActiveCfg = Release|Any CPU
		{48DFD887-3CAB-40EC-9FD4-6728A0854DFC}.Release|Any CPU.Build.0 = Release|Any CPU
		{48DFD887-3CAB-40EC-9FD4-6728A0854DFC}.Release|iPhone.ActiveCfg = Release|Any CPU
		{48DFD887-3CAB-40EC-9FD4-6728A0854DFC}.Release|iPhone.Build.0 = Release|Any CPU
		{48DFD887-3CAB-40EC-9FD4-6728A0854DFC}.Release|iPhoneSimulator.ActiveCfg = Release|Any CPU
		{48DFD887-3CAB-40EC-9FD4-6728A0854DFC}.Release|iPhoneSimulator.Build.0 = Release|Any CPU
	EndGlobalSection
	GlobalSection(SolutionProperties) = preSolution
		HideSolutionNode = FALSE
	EndGlobalSection
	GlobalSection(NestedProjects) = preSolution
		{48DFD887-3CAB-40EC-9FD4-6728A0854DFC} = {4177C1AE-D135-4A0B-8CA0-8D6595A1F8C2}
		{9665537A-F6EC-455E-8B17-D2E5EA1BA291} = {7EC96649-E38E-42F2-BCB9-3A2899C99176}
		{165FACCC-583B-4492-81A8-BADD1FBAD2C1} = {7EC96649-E38E-42F2-BCB9-3A2899C99176}
	EndGlobalSection
	GlobalSection(ExtensibilityGlobals) = postSolution
		SolutionGuid = {BB4AD75B-82CC-4255-A9FF-EC389DEED8FC}
	EndGlobalSection
EndGlobal
